// !$*UTF8*$!
{
	archiveVersion = 1;
	classes = {
	};
	objectVersion = 48;
	objects = {

/* Begin PBXBuildFile section */
		9E4092F41F95C62800FF0EF2 /* UserLocation.swift in Sources */ = {isa = PBXBuildFile; fileRef = 9E4092F31F95C62800FF0EF2 /* UserLocation.swift */; };
		9E4092F71F95C82100FF0EF2 /* Alerts.swift in Sources */ = {isa = PBXBuildFile; fileRef = 9E4092F61F95C82100FF0EF2 /* Alerts.swift */; };
		9E4092FA1F95D55200FF0EF2 /* DataService.swift in Sources */ = {isa = PBXBuildFile; fileRef = 9E4092F91F95D55200FF0EF2 /* DataService.swift */; };
		9E4092FD1F964CF100FF0EF2 /* Constants.swift in Sources */ = {isa = PBXBuildFile; fileRef = 9E4092FC1F964CF100FF0EF2 /* Constants.swift */; };
		9E4092FF1F964D7D00FF0EF2 /* Restaurant.swift in Sources */ = {isa = PBXBuildFile; fileRef = 9E4092FE1F964D7D00FF0EF2 /* Restaurant.swift */; };
		9E4093021F96955B00FF0EF2 /* CurvedButton.swift in Sources */ = {isa = PBXBuildFile; fileRef = 9E4093011F96955B00FF0EF2 /* CurvedButton.swift */; };
		9E4093041F9699DF00FF0EF2 /* PlaceCell.swift in Sources */ = {isa = PBXBuildFile; fileRef = 9E4093031F9699DF00FF0EF2 /* PlaceCell.swift */; };
		9E5CA20B1F958652004C4883 /* AppDelegate.swift in Sources */ = {isa = PBXBuildFile; fileRef = 9E5CA20A1F958652004C4883 /* AppDelegate.swift */; };
		9E5CA20D1F958652004C4883 /* HomeVC.swift in Sources */ = {isa = PBXBuildFile; fileRef = 9E5CA20C1F958652004C4883 /* HomeVC.swift */; };
		9E5CA2101F958652004C4883 /* Main.storyboard in Resources */ = {isa = PBXBuildFile; fileRef = 9E5CA20E1F958652004C4883 /* Main.storyboard */; };
		9E5CA2121F958652004C4883 /* Assets.xcassets in Resources */ = {isa = PBXBuildFile; fileRef = 9E5CA2111F958652004C4883 /* Assets.xcassets */; };
		9E5CA2151F958652004C4883 /* LaunchScreen.storyboard in Resources */ = {isa = PBXBuildFile; fileRef = 9E5CA2131F958652004C4883 /* LaunchScreen.storyboard */; };
		9E8F17B51FAA556F00B1BB64 /* DetailsVC.swift in Sources */ = {isa = PBXBuildFile; fileRef = 9E8F17B41FAA556F00B1BB64 /* DetailsVC.swift */; };
		9EB977631F96E3C7003EE58A /* CustomAnnotation.swift in Sources */ = {isa = PBXBuildFile; fileRef = 9EB977621F96E3C7003EE58A /* CustomAnnotation.swift */; };
		D352BDF0DFD1847748EB4D9F /* Pods_Maps_Directions.framework in Frameworks */ = {isa = PBXBuildFile; fileRef = 9E4BC4718404D9506C454D3B /* Pods_Maps_Directions.framework */; };
/* End PBXBuildFile section */

/* Begin PBXFileReference section */
		4096121EF4C2E463F1AC7B07 /* Pods-Maps&Directions.debug.xcconfig */ = {isa = PBXFileReference; includeInIndex = 1; lastKnownFileType = text.xcconfig; name = "Pods-Maps&Directions.debug.xcconfig"; path = "Pods/Target Support Files/Pods-Maps&Directions/Pods-Maps&Directions.debug.xcconfig"; sourceTree = "<group>"; };
		9E4092F31F95C62800FF0EF2 /* UserLocation.swift */ = {isa = PBXFileReference; lastKnownFileType = sourcecode.swift; path = UserLocation.swift; sourceTree = "<group>"; };
		9E4092F61F95C82100FF0EF2 /* Alerts.swift */ = {isa = PBXFileReference; lastKnownFileType = sourcecode.swift; path = Alerts.swift; sourceTree = "<group>"; };
		9E4092F91F95D55200FF0EF2 /* DataService.swift */ = {isa = PBXFileReference; lastKnownFileType = sourcecode.swift; path = DataService.swift; sourceTree = "<group>"; };
		9E4092FC1F964CF100FF0EF2 /* Constants.swift */ = {isa = PBXFileReference; lastKnownFileType = sourcecode.swift; path = Constants.swift; sourceTree = "<group>"; };
		9E4092FE1F964D7D00FF0EF2 /* Restaurant.swift */ = {isa = PBXFileReference; lastKnownFileType = sourcecode.swift; path = Restaurant.swift; sourceTree = "<group>"; };
		9E4093011F96955B00FF0EF2 /* CurvedButton.swift */ = {isa = PBXFileReference; lastKnownFileType = sourcecode.swift; path = CurvedButton.swift; sourceTree = "<group>"; };
		9E4093031F9699DF00FF0EF2 /* PlaceCell.swift */ = {isa = PBXFileReference; lastKnownFileType = sourcecode.swift; path = PlaceCell.swift; sourceTree = "<group>"; };
		9E4BC4718404D9506C454D3B /* Pods_Maps_Directions.framework */ = {isa = PBXFileReference; explicitFileType = wrapper.framework; includeInIndex = 0; path = Pods_Maps_Directions.framework; sourceTree = BUILT_PRODUCTS_DIR; };
		9E5CA2071F958652004C4883 /* Maps&Directions.app */ = {isa = PBXFileReference; explicitFileType = wrapper.application; includeInIndex = 0; path = "Maps&Directions.app"; sourceTree = BUILT_PRODUCTS_DIR; };
		9E5CA20A1F958652004C4883 /* AppDelegate.swift */ = {isa = PBXFileReference; lastKnownFileType = sourcecode.swift; path = AppDelegate.swift; sourceTree = "<group>"; };
		9E5CA20C1F958652004C4883 /* HomeVC.swift */ = {isa = PBXFileReference; lastKnownFileType = sourcecode.swift; path = HomeVC.swift; sourceTree = "<group>"; };
		9E5CA20F1F958652004C4883 /* Base */ = {isa = PBXFileReference; lastKnownFileType = file.storyboard; name = Base; path = Base.lproj/Main.storyboard; sourceTree = "<group>"; };
		9E5CA2111F958652004C4883 /* Assets.xcassets */ = {isa = PBXFileReference; lastKnownFileType = folder.assetcatalog; path = Assets.xcassets; sourceTree = "<group>"; };
		9E5CA2141F958652004C4883 /* Base */ = {isa = PBXFileReference; lastKnownFileType = file.storyboard; name = Base; path = Base.lproj/LaunchScreen.storyboard; sourceTree = "<group>"; };
		9E5CA2161F958652004C4883 /* Info.plist */ = {isa = PBXFileReference; lastKnownFileType = text.plist.xml; path = Info.plist; sourceTree = "<group>"; };
		9E8F17B41FAA556F00B1BB64 /* DetailsVC.swift */ = {isa = PBXFileReference; lastKnownFileType = sourcecode.swift; path = DetailsVC.swift; sourceTree = "<group>"; };
		9EB977621F96E3C7003EE58A /* CustomAnnotation.swift */ = {isa = PBXFileReference; lastKnownFileType = sourcecode.swift; path = CustomAnnotation.swift; sourceTree = "<group>"; };
		DE787D38B7E072BAE796A6E8 /* Pods-Maps&Directions.release.xcconfig */ = {isa = PBXFileReference; includeInIndex = 1; lastKnownFileType = text.xcconfig; name = "Pods-Maps&Directions.release.xcconfig"; path = "Pods/Target Support Files/Pods-Maps&Directions/Pods-Maps&Directions.release.xcconfig"; sourceTree = "<group>"; };
/* End PBXFileReference section */

/* Begin PBXFrameworksBuildPhase section */
		9E5CA2041F958652004C4883 /* Frameworks */ = {
			isa = PBXFrameworksBuildPhase;
			buildActionMask = 2147483647;
			files = (
				D352BDF0DFD1847748EB4D9F /* Pods_Maps_Directions.framework in Frameworks */,
			);
			runOnlyForDeploymentPostprocessing = 0;
		};
/* End PBXFrameworksBuildPhase section */

/* Begin PBXGroup section */
		07FD50FC593380EAFA3598E6 /* Frameworks */ = {
			isa = PBXGroup;
			children = (
				9E4BC4718404D9506C454D3B /* Pods_Maps_Directions.framework */,
			);
			name = Frameworks;
			sourceTree = "<group>";
		};
		24FC19669C357089702A8C7A /* Pods */ = {
			isa = PBXGroup;
			children = (
				4096121EF4C2E463F1AC7B07 /* Pods-Maps&Directions.debug.xcconfig */,
				DE787D38B7E072BAE796A6E8 /* Pods-Maps&Directions.release.xcconfig */,
			);
			name = Pods;
			sourceTree = "<group>";
		};
		9E4092F21F95C61100FF0EF2 /* Model */ = {
			isa = PBXGroup;
			children = (
				9E4092F31F95C62800FF0EF2 /* UserLocation.swift */,
				9E4092FE1F964D7D00FF0EF2 /* Restaurant.swift */,
			);
			path = Model;
			sourceTree = "<group>";
		};
		9E4092F51F95C7F700FF0EF2 /* Error Alerts */ = {
			isa = PBXGroup;
			children = (
				9E4092F61F95C82100FF0EF2 /* Alerts.swift */,
			);
			path = "Error Alerts";
			sourceTree = "<group>";
		};
		9E4092F81F95D54000FF0EF2 /* Services */ = {
			isa = PBXGroup;
			children = (
				9E4092F91F95D55200FF0EF2 /* DataService.swift */,
			);
			path = Services;
			sourceTree = "<group>";
		};
		9E4092FB1F964CDF00FF0EF2 /* Utilities */ = {
			isa = PBXGroup;
			children = (
				9E4092FC1F964CF100FF0EF2 /* Constants.swift */,
			);
			path = Utilities;
			sourceTree = "<group>";
		};
		9E4093001F96954400FF0EF2 /* View */ = {
			isa = PBXGroup;
			children = (
				9E4093011F96955B00FF0EF2 /* CurvedButton.swift */,
				9E4093031F9699DF00FF0EF2 /* PlaceCell.swift */,
				9EB977621F96E3C7003EE58A /* CustomAnnotation.swift */,
			);
			path = View;
			sourceTree = "<group>";
		};
		9E5CA1FE1F958651004C4883 = {
			isa = PBXGroup;
			children = (
				9E5CA2091F958652004C4883 /* Maps&Directions */,
				9E5CA2081F958652004C4883 /* Products */,
				24FC19669C357089702A8C7A /* Pods */,
				07FD50FC593380EAFA3598E6 /* Frameworks */,
			);
			sourceTree = "<group>";
		};
		9E5CA2081F958652004C4883 /* Products */ = {
			isa = PBXGroup;
			children = (
				9E5CA2071F958652004C4883 /* Maps&Directions.app */,
			);
			name = Products;
			sourceTree = "<group>";
		};
		9E5CA2091F958652004C4883 /* Maps&Directions */ = {
			isa = PBXGroup;
			children = (
				9E4092FB1F964CDF00FF0EF2 /* Utilities */,
				9E4092F81F95D54000FF0EF2 /* Services */,
				9E4092F51F95C7F700FF0EF2 /* Error Alerts */,
				9E4092F21F95C61100FF0EF2 /* Model */,
				9E4093001F96954400FF0EF2 /* View */,
				9E5CA21C1F958743004C4883 /* Controller */,
				9E5CA20A1F958652004C4883 /* AppDelegate.swift */,
				9E5CA20E1F958652004C4883 /* Main.storyboard */,
				9E5CA2111F958652004C4883 /* Assets.xcassets */,
				9E5CA2131F958652004C4883 /* LaunchScreen.storyboard */,
				9E5CA2161F958652004C4883 /* Info.plist */,
			);
			path = "Maps&Directions";
			sourceTree = "<group>";
		};
		9E5CA21C1F958743004C4883 /* Controller */ = {
			isa = PBXGroup;
			children = (
				9E5CA20C1F958652004C4883 /* HomeVC.swift */,
				9E8F17B41FAA556F00B1BB64 /* DetailsVC.swift */,
			);
			path = Controller;
			sourceTree = "<group>";
		};
/* End PBXGroup section */

/* Begin PBXNativeTarget section */
		9E5CA2061F958652004C4883 /* Maps&Directions */ = {
			isa = PBXNativeTarget;
			buildConfigurationList = 9E5CA2191F958652004C4883 /* Build configuration list for PBXNativeTarget "Maps&Directions" */;
			buildPhases = (
				1A390C082ECC02487E68433D /* [CP] Check Pods Manifest.lock */,
				9E5CA2031F958652004C4883 /* Sources */,
				9E5CA2041F958652004C4883 /* Frameworks */,
				9E5CA2051F958652004C4883 /* Resources */,
				7F518BAD983D2BF7E813BB1C /* [CP] Embed Pods Frameworks */,
				88969A65DFAE47A9D3D7CBD1 /* [CP] Copy Pods Resources */,
			);
			buildRules = (
			);
			dependencies = (
			);
			name = "Maps&Directions";
			productName = "Maps&Directions";
			productReference = 9E5CA2071F958652004C4883 /* Maps&Directions.app */;
			productType = "com.apple.product-type.application";
		};
/* End PBXNativeTarget section */

/* Begin PBXProject section */
		9E5CA1FF1F958651004C4883 /* Project object */ = {
			isa = PBXProject;
			attributes = {
				LastSwiftUpdateCheck = 0900;
				LastUpgradeCheck = 0900;
				ORGANIZATIONNAME = kvkr;
				TargetAttributes = {
					9E5CA2061F958652004C4883 = {
						CreatedOnToolsVersion = 9.0;
						ProvisioningStyle = Automatic;
					};
				};
			};
			buildConfigurationList = 9E5CA2021F958651004C4883 /* Build configuration list for PBXProject "Maps&Directions" */;
			compatibilityVersion = "Xcode 8.0";
			developmentRegion = en;
			hasScannedForEncodings = 0;
			knownRegions = (
				en,
				Base,
			);
			mainGroup = 9E5CA1FE1F958651004C4883;
			productRefGroup = 9E5CA2081F958652004C4883 /* Products */;
			projectDirPath = "";
			projectRoot = "";
			targets = (
				9E5CA2061F958652004C4883 /* Maps&Directions */,
			);
		};
/* End PBXProject section */

/* Begin PBXResourcesBuildPhase section */
		9E5CA2051F958652004C4883 /* Resources */ = {
			isa = PBXResourcesBuildPhase;
			buildActionMask = 2147483647;
			files = (
				9E5CA2151F958652004C4883 /* LaunchScreen.storyboard in Resources */,
				9E5CA2121F958652004C4883 /* Assets.xcassets in Resources */,
				9E5CA2101F958652004C4883 /* Main.storyboard in Resources */,
			);
			runOnlyForDeploymentPostprocessing = 0;
		};
/* End PBXResourcesBuildPhase section */

/* Begin PBXShellScriptBuildPhase section */
		1A390C082ECC02487E68433D /* [CP] Check Pods Manifest.lock */ = {
			isa = PBXShellScriptBuildPhase;
			buildActionMask = 2147483647;
			files = (
			);
			inputPaths = (
				"${PODS_PODFILE_DIR_PATH}/Podfile.lock",
				"${PODS_ROOT}/Manifest.lock",
			);
			name = "[CP] Check Pods Manifest.lock";
			outputPaths = (
				"$(DERIVED_FILE_DIR)/Pods-Maps&Directions-checkManifestLockResult.txt",
			);
			runOnlyForDeploymentPostprocessing = 0;
			shellPath = /bin/sh;
			shellScript = "diff \"${PODS_PODFILE_DIR_PATH}/Podfile.lock\" \"${PODS_ROOT}/Manifest.lock\" > /dev/null\nif [ $? != 0 ] ; then\n    # print error to STDERR\n    echo \"error: The sandbox is not in sync with the Podfile.lock. Run 'pod install' or update your CocoaPods installation.\" >&2\n    exit 1\nfi\n# This output is used by Xcode 'outputs' to avoid re-running this script phase.\necho \"SUCCESS\" > \"${SCRIPT_OUTPUT_FILE_0}\"\n";
			showEnvVarsInLog = 0;
		};
		7F518BAD983D2BF7E813BB1C /* [CP] Embed Pods Frameworks */ = {
			isa = PBXShellScriptBuildPhase;
			buildActionMask = 2147483647;
			files = (
			);
			inputPaths = (
				"${SRCROOT}/Pods/Target Support Files/Pods-Maps&Directions/Pods-Maps&Directions-frameworks.sh",
				"${BUILT_PRODUCTS_DIR}/Alamofire/Alamofire.framework",
				"${BUILT_PRODUCTS_DIR}/SwiftyJSON/SwiftyJSON.framework",
			);
			name = "[CP] Embed Pods Frameworks";
			outputPaths = (
				"${TARGET_BUILD_DIR}/${FRAMEWORKS_FOLDER_PATH}/Alamofire.framework",
				"${TARGET_BUILD_DIR}/${FRAMEWORKS_FOLDER_PATH}/SwiftyJSON.framework",
			);
			runOnlyForDeploymentPostprocessing = 0;
			shellPath = /bin/sh;
			shellScript = "\"${SRCROOT}/Pods/Target Support Files/Pods-Maps&Directions/Pods-Maps&Directions-frameworks.sh\"\n";
			showEnvVarsInLog = 0;
		};
		88969A65DFAE47A9D3D7CBD1 /* [CP] Copy Pods Resources */ = {
			isa = PBXShellScriptBuildPhase;
			buildActionMask = 2147483647;
			files = (
			);
			inputPaths = (
			);
			name = "[CP] Copy Pods Resources";
			outputPaths = (
			);
			runOnlyForDeploymentPostprocessing = 0;
			shellPath = /bin/sh;
			shellScript = "\"${SRCROOT}/Pods/Target Support Files/Pods-Maps&Directions/Pods-Maps&Directions-resources.sh\"\n";
			showEnvVarsInLog = 0;
		};
/* End PBXShellScriptBuildPhase section */

/* Begin PBXSourcesBuildPhase section */
		9E5CA2031F958652004C4883 /* Sources */ = {
			isa = PBXSourcesBuildPhase;
			buildActionMask = 2147483647;
			files = (
				9E4092F41F95C62800FF0EF2 /* UserLocation.swift in Sources */,
				9E5CA20D1F958652004C4883 /* HomeVC.swift in Sources */,
				9E4093021F96955B00FF0EF2 /* CurvedButton.swift in Sources */,
				9E4092F71F95C82100FF0EF2 /* Alerts.swift in Sources */,
				9E4092FF1F964D7D00FF0EF2 /* Restaurant.swift in Sources */,
				9E5CA20B1F958652004C4883 /* AppDelegate.swift in Sources */,
				9E4092FA1F95D55200FF0EF2 /* DataService.swift in Sources */,
				9EB977631F96E3C7003EE58A /* CustomAnnotation.swift in Sources */,
				9E4092FD1F964CF100FF0EF2 /* Constants.swift in Sources */,
				9E4093041F9699DF00FF0EF2 /* PlaceCell.swift in Sources */,
				9E8F17B51FAA556F00B1BB64 /* DetailsVC.swift in Sources */,
			);
			runOnlyForDeploymentPostprocessing = 0;
		};
/* End PBXSourcesBuildPhase section */

/* Begin PBXVariantGroup section */
		9E5CA20E1F958652004C4883 /* Main.storyboard */ = {
			isa = PBXVariantGroup;
			children = (
				9E5CA20F1F958652004C4883 /* Base */,
			);
			name = Main.storyboard;
			sourceTree = "<group>";
		};
		9E5CA2131F958652004C4883 /* LaunchScreen.storyboard */ = {
			isa = PBXVariantGroup;
			children = (
				9E5CA2141F958652004C4883 /* Base */,
			);
			name = LaunchScreen.storyboard;
			sourceTree = "<group>";
		};
/* End PBXVariantGroup section */

/* Begin XCBuildConfiguration section */
		9E5CA2171F958652004C4883 /* Debug */ = {
			isa = XCBuildConfiguration;
			buildSettings = {
				ALWAYS_SEARCH_USER_PATHS = NO;
				CLANG_ANALYZER_NONNULL = YES;
				CLANG_ANALYZER_NUMBER_OBJECT_CONVERSION = YES_AGGRESSIVE;
				CLANG_CXX_LANGUAGE_STANDARD = "gnu++14";
				CLANG_CXX_LIBRARY = "libc++";
				CLANG_ENABLE_MODULES = YES;
				CLANG_ENABLE_OBJC_ARC = YES;
				CLANG_WARN_BLOCK_CAPTURE_AUTORELEASING = YES;
				CLANG_WARN_BOOL_CONVERSION = YES;
				CLANG_WARN_COMMA = YES;
				CLANG_WARN_CONSTANT_CONVERSION = YES;
				CLANG_WARN_DIRECT_OBJC_ISA_USAGE = YES_ERROR;
				CLANG_WARN_DOCUMENTATION_COMMENTS = YES;
				CLANG_WARN_EMPTY_BODY = YES;
				CLANG_WARN_ENUM_CONVERSION = YES;
				CLANG_WARN_INFINITE_RECURSION = YES;
				CLANG_WARN_INT_CONVERSION = YES;
				CLANG_WARN_NON_LITERAL_NULL_CONVERSION = YES;
				CLANG_WARN_OBJC_LITERAL_CONVERSION = YES;
				CLANG_WARN_OBJC_ROOT_CLASS = YES_ERROR;
				CLANG_WARN_RANGE_LOOP_ANALYSIS = YES;
				CLANG_WARN_STRICT_PROTOTYPES = YES;
				CLANG_WARN_SUSPICIOUS_MOVE = YES;
				CLANG_WARN_UNGUARDED_AVAILABILITY = YES_AGGRESSIVE;
				CLANG_WARN_UNREACHABLE_CODE = YES;
				CLANG_WARN__DUPLICATE_METHOD_MATCH = YES;
				CODE_SIGN_IDENTITY = "iPhone Developer";
				COPY_PHASE_STRIP = NO;
				DEBUG_INFORMATION_FORMAT = dwarf;
				ENABLE_STRICT_OBJC_MSGSEND = YES;
				ENABLE_TESTABILITY = YES;
				GCC_C_LANGUAGE_STANDARD = gnu11;
				GCC_DYNAMIC_NO_PIC = NO;
				GCC_NO_COMMON_BLOCKS = YES;
				GCC_OPTIMIZATION_LEVEL = 0;
				GCC_PREPROCESSOR_DEFINITIONS = (
					"DEBUG=1",
					"$(inherited)",
				);
				GCC_WARN_64_TO_32_BIT_CONVERSION = YES;
				GCC_WARN_ABOUT_RETURN_TYPE = YES_ERROR;
				GCC_WARN_UNDECLARED_SELECTOR = YES;
				GCC_WARN_UNINITIALIZED_AUTOS = YES_AGGRESSIVE;
				GCC_WARN_UNUSED_FUNCTION = YES;
				GCC_WARN_UNUSED_VARIABLE = YES;
				IPHONEOS_DEPLOYMENT_TARGET = 11.0;
				MTL_ENABLE_DEBUG_INFO = YES;
				ONLY_ACTIVE_ARCH = YES;
				SDKROOT = iphoneos;
				SWIFT_ACTIVE_COMPILATION_CONDITIONS = DEBUG;
				SWIFT_OPTIMIZATION_LEVEL = "-Onone";
			};
			name = Debug;
		};
		9E5CA2181F958652004C4883 /* Release */ = {
			isa = XCBuildConfiguration;
			buildSettings = {
				ALWAYS_SEARCH_USER_PATHS = NO;
				CLANG_ANALYZER_NONNULL = YES;
				CLANG_ANALYZER_NUMBER_OBJECT_CONVERSION = YES_AGGRESSIVE;
				CLANG_CXX_LANGUAGE_STANDARD = "gnu++14";
				CLANG_CXX_LIBRARY = "libc++";
				CLANG_ENABLE_MODULES = YES;
				CLANG_ENABLE_OBJC_ARC = YES;
				CLANG_WARN_BLOCK_CAPTURE_AUTORELEASING = YES;
				CLANG_WARN_BOOL_CONVERSION = YES;
				CLANG_WARN_COMMA = YES;
				CLANG_WARN_CONSTANT_CONVERSION = YES;
				CLANG_WARN_DIRECT_OBJC_ISA_USAGE = YES_ERROR;
				CLANG_WARN_DOCUMENTATION_COMMENTS = YES;
				CLANG_WARN_EMPTY_BODY = YES;
				CLANG_WARN_ENUM_CONVERSION = YES;
				CLANG_WARN_INFINITE_RECURSION = YES;
				CLANG_WARN_INT_CONVERSION = YES;
				CLANG_WARN_NON_LITERAL_NULL_CONVERSION = YES;
				CLANG_WARN_OBJC_LITERAL_CONVERSION = YES;
				CLANG_WARN_OBJC_ROOT_CLASS = YES_ERROR;
				CLANG_WARN_RANGE_LOOP_ANALYSIS = YES;
				CLANG_WARN_STRICT_PROTOTYPES = YES;
				CLANG_WARN_SUSPICIOUS_MOVE = YES;
				CLANG_WARN_UNGUARDED_AVAILABILITY = YES_AGGRESSIVE;
				CLANG_WARN_UNREACHABLE_CODE = YES;
				CLANG_WARN__DUPLICATE_METHOD_MATCH = YES;
				CODE_SIGN_IDENTITY = "iPhone Developer";
				COPY_PHASE_STRIP = NO;
				DEBUG_INFORMATION_FORMAT = "dwarf-with-dsym";
				ENABLE_NS_ASSERTIONS = NO;
				ENABLE_STRICT_OBJC_MSGSEND = YES;
				GCC_C_LANGUAGE_STANDARD = gnu11;
				GCC_NO_COMMON_BLOCKS = YES;
				GCC_WARN_64_TO_32_BIT_CONVERSION = YES;
				GCC_WARN_ABOUT_RETURN_TYPE = YES_ERROR;
				GCC_WARN_UNDECLARED_SELECTOR = YES;
				GCC_WARN_UNINITIALIZED_AUTOS = YES_AGGRESSIVE;
				GCC_WARN_UNUSED_FUNCTION = YES;
				GCC_WARN_UNUSED_VARIABLE = YES;
				IPHONEOS_DEPLOYMENT_TARGET = 11.0;
				MTL_ENABLE_DEBUG_INFO = NO;
				SDKROOT = iphoneos;
				SWIFT_OPTIMIZATION_LEVEL = "-Owholemodule";
				VALIDATE_PRODUCT = YES;
			};
			name = Release;
		};
		9E5CA21A1F958652004C4883 /* Debug */ = {
			isa = XCBuildConfiguration;
			baseConfigurationReference = 4096121EF4C2E463F1AC7B07 /* Pods-Maps&Directions.debug.xcconfig */;
			buildSettings = {
				ASSETCATALOG_COMPILER_APPICON_NAME = AppIcon;
				CODE_SIGN_STYLE = Automatic;
				DEVELOPMENT_TEAM = ZELVJRAH4Y;
				INFOPLIST_FILE = "Maps&Directions/Info.plist";
				LD_RUNPATH_SEARCH_PATHS = "$(inherited) @executable_path/Frameworks";
				PRODUCT_BUNDLE_IDENTIFIER = "ownApplicationDevelopment.Maps-Directions";
				PRODUCT_NAME = "$(TARGET_NAME)";
				SWIFT_VERSION = 4.0;
				TARGETED_DEVICE_FAMILY = "1,2";
			};
			name = Debug;
		};
		9E5CA21B1F958652004C4883 /* Release */ = {
			isa = XCBuildConfiguration;
			baseConfigurationReference = DE787D38B7E072BAE796A6E8 /* Pods-Maps&Directions.release.xcconfig */;
			buildSettings = {
				ASSETCATALOG_COMPILER_APPICON_NAME = AppIcon;
				CODE_SIGN_STYLE = Automatic;
				DEVELOPMENT_TEAM = ZELVJRAH4Y;
				INFOPLIST_FILE = "Maps&Directions/Info.plist";
				LD_RUNPATH_SEARCH_PATHS = "$(inherited) @executable_path/Frameworks";
				PRODUCT_BUNDLE_IDENTIFIER = "ownApplicationDevelopment.Maps-Directions";
				PRODUCT_NAME = "$(TARGET_NAME)";
				SWIFT_VERSION = 4.0;
				TARGETED_DEVICE_FAMILY = "1,2";
			};
			name = Release;
		};
/* End XCBuildConfiguration section */

/* Begin XCConfigurationList section */
		9E5CA2021F958651004C4883 /* Build configuration list for PBXProject "Maps&Directions" */ = {
			isa = XCConfigurationList;
			buildConfigurations = (
				9E5CA2171F958652004C4883 /* Debug */,
				9E5CA2181F958652004C4883 /* Release */,
			);
			defaultConfigurationIsVisible = 0;
			defaultConfigurationName = Release;
		};
		9E5CA2191F958652004C4883 /* Build configuration list for PBXNativeTarget "Maps&Directions" */ = {
			isa = XCConfigurationList;
			buildConfigurations = (
				9E5CA21A1F958652004C4883 /* Debug */,
				9E5CA21B1F958652004C4883 /* Release */,
			);
			defaultConfigurationIsVisible = 0;
			defaultConfigurationName = Release;
		};
/* End XCConfigurationList section */
	};
	rootObject = 9E5CA1FF1F958651004C4883 /* Project object */;
}
